
Microsoft Visual Studio Solution File, Format Version 12.00
# Visual Studio 2013
VisualStudioVersion = 12.0.21005.1
MinimumVisualStudioVersion = 10.0.40219.1
Project("{FAE04EC0-301F-11D3-BF4B-00C04F79EFBC}") = "DCA", "TEST_XML_TREE\DCA.csproj", "{2E2A4D97-B665-4972-A09E-A920803B7193}"
EndProject
Project("{FAE04EC0-301F-11D3-BF4B-00C04F79EFBC}") = "TSQLParser", "SQLParser\TSQLParser.csproj", "{0D2491D2-ADE3-45FB-8EDD-8E0DCAA4D08E}"
EndProject
Project("{FAE04EC0-301F-11D3-BF4B-00C04F79EFBC}") = "MVVMCore", "..\VideoCapcher\MVVMCore\MVVMCore.csproj", "{EC0D0FD0-A7CB-403A-9855-187AD3719B37}"
EndProject
Project("{FAE04EC0-301F-11D3-BF4B-00C04F79EFBC}") = "AnalyzerShell", "Shell\AnalyzerShell.csproj", "{CB2F8F05-6FB9-496F-8C20-5D43C7357C65}"
EndProject
Project("{2150E333-8FDC-42A3-9474-1A3956D46DE8}") = "Controls", "Controls", "{6FE80E41-DCB3-421F-A387-2CCED76CE7CF}"
EndProject
Project("{FAE04EC0-301F-11D3-BF4B-00C04F79EFBC}") = "ShellControls", "ShellControls\ShellControls.csproj", "{BC9E3F20-F3B9-437A-8F2F-AE6A016E6ABE}"
EndProject
Project("{2150E333-8FDC-42A3-9474-1A3956D46DE8}") = "ExternalSrc", "ExternalSrc", "{934A7BFC-0CC1-4B62-BB09-995DD2D52F4A}"
EndProject
Project("{2150E333-8FDC-42A3-9474-1A3956D46DE8}") = "Resources", "Resources", "{AC142A2F-5BC2-400F-A777-BE451711B135}"
EndProject
Project("{2150E333-8FDC-42A3-9474-1A3956D46DE8}") = "AvalonDocMDI", "AvalonDocMDI", "{BADAE123-D68D-4A10-BE8F-7B3CB8F0F632}"
EndProject
Project("{FAE04EC0-301F-11D3-BF4B-00C04F79EFBC}") = "Xceed.Wpf.AvalonDock.Themes.VS2010", "..\ExternalSrc\Xceed.Wpf.AvalonDock.Themes.VS2010\Xceed.Wpf.AvalonDock.Themes.VS2010.csproj", "{B3FC3E21-5F2D-4581-AEA2-59F671CFFC21}"
EndProject
Project("{FAE04EC0-301F-11D3-BF4B-00C04F79EFBC}") = "Xceed.Wpf.AvalonDock.Themes.Metro", "..\ExternalSrc\Xceed.Wpf.AvalonDock.Themes.Metro\Xceed.Wpf.AvalonDock.Themes.Metro.csproj", "{89286EB4-B4A1-418C-839A-067B00F442D8}"
EndProject
Project("{FAE04EC0-301F-11D3-BF4B-00C04F79EFBC}") = "Xceed.Wpf.AvalonDock.Themes.Expression", "..\ExternalSrc\Xceed.Wpf.AvalonDock.Themes.Expression\Xceed.Wpf.AvalonDock.Themes.Expression.csproj", "{488DD8F7-9D3C-4F53-BD1F-84A095D9BC10}"
EndProject
Project("{FAE04EC0-301F-11D3-BF4B-00C04F79EFBC}") = "Xceed.Wpf.AvalonDock.Themes.Aero", "..\ExternalSrc\Xceed.Wpf.AvalonDock.Themes.Aero\Xceed.Wpf.AvalonDock.Themes.Aero.csproj", "{BA72CCE0-A9FB-4995-B496-7FEC5C87B85B}"
EndProject
Project("{FAE04EC0-301F-11D3-BF4B-00C04F79EFBC}") = "Xceed.Wpf.AvalonDock", "..\ExternalSrc\Xceed.Wpf.AvalonDock\Xceed.Wpf.AvalonDock.csproj", "{DB81988F-E0F2-45A0-A1FD-8C37F3D35244}"
EndProject
Project("{FAE04EC0-301F-11D3-BF4B-00C04F79EFBC}") = "AvalonDock.WinFormsTestApp", "..\ExternalSrc\AvalonDock.WinFormsTestApp\AvalonDock.WinFormsTestApp.csproj", "{AB95D11D-7239-4F3D-88FB-278B7C8EB6DF}"
EndProject
Project("{FAE04EC0-301F-11D3-BF4B-00C04F79EFBC}") = "AvalonDock.TestApp", "..\ExternalSrc\AvalonDock.TestApp\AvalonDock.TestApp.csproj", "{339BC0D5-2A54-40ED-9850-7ED65182E6E1}"
EndProject
Project("{FAE04EC0-301F-11D3-BF4B-00C04F79EFBC}") = "AvalonDock.MVVMTestApp", "..\ExternalSrc\AvalonDock.MVVMTestApp\AvalonDock.MVVMTestApp.csproj", "{AFD48591-D66C-47F3-86E7-ACE5AD3D4FE4}"
EndProject
Project("{FAE04EC0-301F-11D3-BF4B-00C04F79EFBC}") = "AvalonEdit.Sample", "..\ExternalSrc\AvalonEdit.Sample\AvalonEdit.Sample.csproj", "{13A5B497-BA12-45AE-9033-22620C3153FB}"
EndProject
Project("{2150E333-8FDC-42A3-9474-1A3956D46DE8}") = "AvalonEdit", "AvalonEdit", "{F6D32538-34F1-4ACF-87B4-10DDF9FDFDBC}"
EndProject
Project("{FAE04EC0-301F-11D3-BF4B-00C04F79EFBC}") = "ICSharpCode.AvalonEdit", "..\ExternalSrc\ICSharpCode.AvalonEdit\ICSharpCode.AvalonEdit.csproj", "{6C55B776-26D4-4DB3-A6AB-87E783B2F3D1}"
EndProject
Project("{FAE04EC0-301F-11D3-BF4B-00C04F79EFBC}") = "ICSharpCode.AvalonEdit.Tests", "..\ExternalSrc\ICSharpCode.AvalonEdit.Tests\ICSharpCode.AvalonEdit.Tests.csproj", "{6222A3A1-83CE-47A3-A4E4-A018F82D44D8}"
EndProject
Global
	GlobalSection(SolutionConfigurationPlatforms) = preSolution
		Debug|Any CPU = Debug|Any CPU
		Debug|Mixed Platforms = Debug|Mixed Platforms
		Debug|x86 = Debug|x86
		Release|Any CPU = Release|Any CPU
		Release|Mixed Platforms = Release|Mixed Platforms
		Release|x86 = Release|x86
	EndGlobalSection
	GlobalSection(ProjectConfigurationPlatforms) = postSolution
		{2E2A4D97-B665-4972-A09E-A920803B7193}.Debug|Any CPU.ActiveCfg = Debug|Any CPU
		{2E2A4D97-B665-4972-A09E-A920803B7193}.Debug|Any CPU.Build.0 = Debug|Any CPU
		{2E2A4D97-B665-4972-A09E-A920803B7193}.Debug|Mixed Platforms.ActiveCfg = Debug|Any CPU
		{2E2A4D97-B665-4972-A09E-A920803B7193}.Debug|Mixed Platforms.Build.0 = Debug|Any CPU
		{2E2A4D97-B665-4972-A09E-A920803B7193}.Debug|x86.ActiveCfg = Debug|Any CPU
		{2E2A4D97-B665-4972-A09E-A920803B7193}.Release|Any CPU.ActiveCfg = Release|Any CPU
		{2E2A4D97-B665-4972-A09E-A920803B7193}.Release|Any CPU.Build.0 = Release|Any CPU
		{2E2A4D97-B665-4972-A09E-A920803B7193}.Release|Mixed Platforms.ActiveCfg = Release|Any CPU
		{2E2A4D97-B665-4972-A09E-A920803B7193}.Release|Mixed Platforms.Build.0 = Release|Any CPU
		{2E2A4D97-B665-4972-A09E-A920803B7193}.Release|x86.ActiveCfg = Release|Any CPU
		{0D2491D2-ADE3-45FB-8EDD-8E0DCAA4D08E}.Debug|Any CPU.ActiveCfg = Debug|Any CPU
		{0D2491D2-ADE3-45FB-8EDD-8E0DCAA4D08E}.Debug|Any CPU.Build.0 = Debug|Any CPU
		{0D2491D2-ADE3-45FB-8EDD-8E0DCAA4D08E}.Debug|Mixed Platforms.ActiveCfg = Debug|Any CPU
		{0D2491D2-ADE3-45FB-8EDD-8E0DCAA4D08E}.Debug|Mixed Platforms.Build.0 = Debug|Any CPU
		{0D2491D2-ADE3-45FB-8EDD-8E0DCAA4D08E}.Debug|x86.ActiveCfg = Debug|Any CPU
		{0D2491D2-ADE3-45FB-8EDD-8E0DCAA4D08E}.Release|Any CPU.ActiveCfg = Release|Any CPU
		{0D2491D2-ADE3-45FB-8EDD-8E0DCAA4D08E}.Release|Any CPU.Build.0 = Release|Any CPU
		{0D2491D2-ADE3-45FB-8EDD-8E0DCAA4D08E}.Release|Mixed Platforms.ActiveCfg = Release|Any CPU
		{0D2491D2-ADE3-45FB-8EDD-8E0DCAA4D08E}.Release|Mixed Platforms.Build.0 = Release|Any CPU
		{0D2491D2-ADE3-45FB-8EDD-8E0DCAA4D08E}.Release|x86.ActiveCfg = Release|Any CPU
		{EC0D0FD0-A7CB-403A-9855-187AD3719B37}.Debug|Any CPU.ActiveCfg = Debug|x86
		{EC0D0FD0-A7CB-403A-9855-187AD3719B37}.Debug|Mixed Platforms.ActiveCfg = Debug|x86
		{EC0D0FD0-A7CB-403A-9855-187AD3719B37}.Debug|Mixed Platforms.Build.0 = Debug|x86
		{EC0D0FD0-A7CB-403A-9855-187AD3719B37}.Debug|x86.ActiveCfg = Debug|x86
		{EC0D0FD0-A7CB-403A-9855-187AD3719B37}.Debug|x86.Build.0 = Debug|x86
		{EC0D0FD0-A7CB-403A-9855-187AD3719B37}.Release|Any CPU.ActiveCfg = Release|x86
		{EC0D0FD0-A7CB-403A-9855-187AD3719B37}.Release|Mixed Platforms.ActiveCfg = Release|x86
		{EC0D0FD0-A7CB-403A-9855-187AD3719B37}.Release|Mixed Platforms.Build.0 = Release|x86
		{EC0D0FD0-A7CB-403A-9855-187AD3719B37}.Release|x86.ActiveCfg = Release|x86
		{EC0D0FD0-A7CB-403A-9855-187AD3719B37}.Release|x86.Build.0 = Release|x86
		{CB2F8F05-6FB9-496F-8C20-5D43C7357C65}.Debug|Any CPU.ActiveCfg = Debug|Any CPU
		{CB2F8F05-6FB9-496F-8C20-5D43C7357C65}.Debug|Any CPU.Build.0 = Debug|Any CPU
		{CB2F8F05-6FB9-496F-8C20-5D43C7357C65}.Debug|Mixed Platforms.ActiveCfg = Debug|Any CPU
		{CB2F8F05-6FB9-496F-8C20-5D43C7357C65}.Debug|Mixed Platforms.Build.0 = Debug|Any CPU
		{CB2F8F05-6FB9-496F-8C20-5D43C7357C65}.Debug|x86.ActiveCfg = Debug|Any CPU
		{CB2F8F05-6FB9-496F-8C20-5D43C7357C65}.Release|Any CPU.ActiveCfg = Release|Any CPU
		{CB2F8F05-6FB9-496F-8C20-5D43C7357C65}.Release|Any CPU.Build.0 = Release|Any CPU
		{CB2F8F05-6FB9-496F-8C20-5D43C7357C65}.Release|Mixed Platforms.ActiveCfg = Release|Any CPU
		{CB2F8F05-6FB9-496F-8C20-5D43C7357C65}.Release|Mixed Platforms.Build.0 = Release|Any CPU
		{CB2F8F05-6FB9-496F-8C20-5D43C7357C65}.Release|x86.ActiveCfg = Release|Any CPU
		{BC9E3F20-F3B9-437A-8F2F-AE6A016E6ABE}.Debug|Any CPU.ActiveCfg = Debug|Any CPU
		{BC9E3F20-F3B9-437A-8F2F-AE6A016E6ABE}.Debug|Any CPU.Build.0 = Debug|Any CPU
		{BC9E3F20-F3B9-437A-8F2F-AE6A016E6ABE}.Debug|Mixed Platforms.ActiveCfg = Debug|Any CPU
		{BC9E3F20-F3B9-437A-8F2F-AE6A016E6ABE}.Debug|Mixed Platforms.Build.0 = Debug|Any CPU
		{BC9E3F20-F3B9-437A-8F2F-AE6A016E6ABE}.Debug|x86.ActiveCfg = Debug|Any CPU
		{BC9E3F20-F3B9-437A-8F2F-AE6A016E6ABE}.Release|Any CPU.ActiveCfg = Release|Any CPU
		{BC9E3F20-F3B9-437A-8F2F-AE6A016E6ABE}.Release|Any CPU.Build.0 = Release|Any CPU
		{BC9E3F20-F3B9-437A-8F2F-AE6A016E6ABE}.Release|Mixed Platforms.ActiveCfg = Release|Any CPU
		{BC9E3F20-F3B9-437A-8F2F-AE6A016E6ABE}.Release|Mixed Platforms.Build.0 = Release|Any CPU
		{BC9E3F20-F3B9-437A-8F2F-AE6A016E6ABE}.Release|x86.ActiveCfg = Release|Any CPU
		{B3FC3E21-5F2D-4581-AEA2-59F671CFFC21}.Debug|Any CPU.ActiveCfg = Debug|Any CPU
		{B3FC3E21-5F2D-4581-AEA2-59F671CFFC21}.Debug|Any CPU.Build.0 = Debug|Any CPU
		{B3FC3E21-5F2D-4581-AEA2-59F671CFFC21}.Debug|Mixed Platforms.ActiveCfg = Debug|Any CPU
		{B3FC3E21-5F2D-4581-AEA2-59F671CFFC21}.Debug|Mixed Platforms.Build.0 = Debug|Any CPU
		{B3FC3E21-5F2D-4581-AEA2-59F671CFFC21}.Debug|x86.ActiveCfg = Debug|Any CPU
		{B3FC3E21-5F2D-4581-AEA2-59F671CFFC21}.Release|Any CPU.ActiveCfg = Release|Any CPU
		{B3FC3E21-5F2D-4581-AEA2-59F671CFFC21}.Release|Any CPU.Build.0 = Release|Any CPU
		{B3FC3E21-5F2D-4581-AEA2-59F671CFFC21}.Release|Mixed Platforms.ActiveCfg = Release|Any CPU
		{B3FC3E21-5F2D-4581-AEA2-59F671CFFC21}.Release|Mixed Platforms.Build.0 = Release|Any CPU
		{B3FC3E21-5F2D-4581-AEA2-59F671CFFC21}.Release|x86.ActiveCfg = Release|Any CPU
		{89286EB4-B4A1-418C-839A-067B00F442D8}.Debug|Any CPU.ActiveCfg = Debug|Any CPU
		{89286EB4-B4A1-418C-839A-067B00F442D8}.Debug|Any CPU.Build.0 = Debug|Any CPU
		{89286EB4-B4A1-418C-839A-067B00F442D8}.Debug|Mixed Platforms.ActiveCfg = Debug|Any CPU
		{89286EB4-B4A1-418C-839A-067B00F442D8}.Debug|Mixed Platforms.Build.0 = Debug|Any CPU
		{89286EB4-B4A1-418C-839A-067B00F442D8}.Debug|x86.ActiveCfg = Debug|Any CPU
		{89286EB4-B4A1-418C-839A-067B00F442D8}.Release|Any CPU.ActiveCfg = Release|Any CPU
		{89286EB4-B4A1-418C-839A-067B00F442D8}.Release|Any CPU.Build.0 = Release|Any CPU
		{89286EB4-B4A1-418C-839A-067B00F442D8}.Release|Mixed Platforms.ActiveCfg = Release|Any CPU
		{89286EB4-B4A1-418C-839A-067B00F442D8}.Release|Mixed Platforms.Build.0 = Release|Any CPU
		{89286EB4-B4A1-418C-839A-067B00F442D8}.Release|x86.ActiveCfg = Release|Any CPU
		{488DD8F7-9D3C-4F53-BD1F-84A095D9BC10}.Debug|Any CPU.ActiveCfg = Debug|Any CPU
		{488DD8F7-9D3C-4F53-BD1F-84A095D9BC10}.Debug|Any CPU.Build.0 = Debug|Any CPU
		{488DD8F7-9D3C-4F53-BD1F-84A095D9BC10}.Debug|Mixed Platforms.ActiveCfg = Debug|Any CPU
		{488DD8F7-9D3C-4F53-BD1F-84A095D9BC10}.Debug|Mixed Platforms.Build.0 = Debug|Any CPU
		{488DD8F7-9D3C-4F53-BD1F-84A095D9BC10}.Debug|x86.ActiveCfg = Debug|Any CPU
		{488DD8F7-9D3C-4F53-BD1F-84A095D9BC10}.Release|Any CPU.ActiveCfg = Release|Any CPU
		{488DD8F7-9D3C-4F53-BD1F-84A095D9BC10}.Release|Any CPU.Build.0 = Release|Any CPU
		{488DD8F7-9D3C-4F53-BD1F-84A095D9BC10}.Release|Mixed Platforms.ActiveCfg = Release|Any CPU
		{488DD8F7-9D3C-4F53-BD1F-84A095D9BC10}.Release|Mixed Platforms.Build.0 = Release|Any CPU
		{488DD8F7-9D3C-4F53-BD1F-84A095D9BC10}.Release|x86.ActiveCfg = Release|Any CPU
		{BA72CCE0-A9FB-4995-B496-7FEC5C87B85B}.Debug|Any CPU.ActiveCfg = Debug|Any CPU
		{BA72CCE0-A9FB-4995-B496-7FEC5C87B85B}.Debug|Any CPU.Build.0 = Debug|Any CPU
		{BA72CCE0-A9FB-4995-B496-7FEC5C87B85B}.Debug|Mixed Platforms.ActiveCfg = Debug|Any CPU
		{BA72CCE0-A9FB-4995-B496-7FEC5C87B85B}.Debug|Mixed Platforms.Build.0 = Debug|Any CPU
		{BA72CCE0-A9FB-4995-B496-7FEC5C87B85B}.Debug|x86.ActiveCfg = Debug|Any CPU
		{BA72CCE0-A9FB-4995-B496-7FEC5C87B85B}.Release|Any CPU.ActiveCfg = Release|Any CPU
		{BA72CCE0-A9FB-4995-B496-7FEC5C87B85B}.Release|Any CPU.Build.0 = Release|Any CPU
		{BA72CCE0-A9FB-4995-B496-7FEC5C87B85B}.Release|Mixed Platforms.ActiveCfg = Release|Any CPU
		{BA72CCE0-A9FB-4995-B496-7FEC5C87B85B}.Release|Mixed Platforms.Build.0 = Release|Any CPU
		{BA72CCE0-A9FB-4995-B496-7FEC5C87B85B}.Release|x86.ActiveCfg = Release|Any CPU
		{DB81988F-E0F2-45A0-A1FD-8C37F3D35244}.Debug|Any CPU.ActiveCfg = Debug|Any CPU
		{DB81988F-E0F2-45A0-A1FD-8C37F3D35244}.Debug|Any CPU.Build.0 = Debug|Any CPU
		{DB81988F-E0F2-45A0-A1FD-8C37F3D35244}.Debug|Mixed Platforms.ActiveCfg = Debug|Any CPU
		{DB81988F-E0F2-45A0-A1FD-8C37F3D35244}.Debug|Mixed Platforms.Build.0 = Debug|Any CPU
		{DB81988F-E0F2-45A0-A1FD-8C37F3D35244}.Debug|x86.ActiveCfg = Debug|Any CPU
		{DB81988F-E0F2-45A0-A1FD-8C37F3D35244}.Release|Any CPU.ActiveCfg = Release|Any CPU
		{DB81988F-E0F2-45A0-A1FD-8C37F3D35244}.Release|Any CPU.Build.0 = Release|Any CPU
		{DB81988F-E0F2-45A0-A1FD-8C37F3D35244}.Release|Mixed Platforms.ActiveCfg = Release|Any CPU
		{DB81988F-E0F2-45A0-A1FD-8C37F3D35244}.Release|Mixed Platforms.Build.0 = Release|Any CPU
		{DB81988F-E0F2-45A0-A1FD-8C37F3D35244}.Release|x86.ActiveCfg = Release|Any CPU
		{AB95D11D-7239-4F3D-88FB-278B7C8EB6DF}.Debug|Any CPU.ActiveCfg = Debug|x86
		{AB95D11D-7239-4F3D-88FB-278B7C8EB6DF}.Debug|Mixed Platforms.ActiveCfg = Debug|x86
		{AB95D11D-7239-4F3D-88FB-278B7C8EB6DF}.Debug|Mixed Platforms.Build.0 = Debug|x86
		{AB95D11D-7239-4F3D-88FB-278B7C8EB6DF}.Debug|x86.ActiveCfg = Debug|x86
		{AB95D11D-7239-4F3D-88FB-278B7C8EB6DF}.Debug|x86.Build.0 = Debug|x86
		{AB95D11D-7239-4F3D-88FB-278B7C8EB6DF}.Release|Any CPU.ActiveCfg = Release|x86
		{AB95D11D-7239-4F3D-88FB-278B7C8EB6DF}.Release|Mixed Platforms.ActiveCfg = Release|x86
		{AB95D11D-7239-4F3D-88FB-278B7C8EB6DF}.Release|Mixed Platforms.Build.0 = Release|x86
		{AB95D11D-7239-4F3D-88FB-278B7C8EB6DF}.Release|x86.ActiveCfg = Release|x86
		{AB95D11D-7239-4F3D-88FB-278B7C8EB6DF}.Release|x86.Build.0 = Release|x86
		{339BC0D5-2A54-40ED-9850-7ED65182E6E1}.Debug|Any CPU.ActiveCfg = Debug|x86
		{339BC0D5-2A54-40ED-9850-7ED65182E6E1}.Debug|Mixed Platforms.ActiveCfg = Debug|x86
		{339BC0D5-2A54-40ED-9850-7ED65182E6E1}.Debug|Mixed Platforms.Build.0 = Debug|x86
		{339BC0D5-2A54-40ED-9850-7ED65182E6E1}.Debug|x86.ActiveCfg = Debug|x86
		{339BC0D5-2A54-40ED-9850-7ED65182E6E1}.Debug|x86.Build.0 = Debug|x86
		{339BC0D5-2A54-40ED-9850-7ED65182E6E1}.Release|Any CPU.ActiveCfg = Release|x86
		{339BC0D5-2A54-40ED-9850-7ED65182E6E1}.Release|Mixed Platforms.ActiveCfg = Release|x86
		{339BC0D5-2A54-40ED-9850-7ED65182E6E1}.Release|Mixed Platforms.Build.0 = Release|x86
		{339BC0D5-2A54-40ED-9850-7ED65182E6E1}.Release|x86.ActiveCfg = Release|x86
		{339BC0D5-2A54-40ED-9850-7ED65182E6E1}.Release|x86.Build.0 = Release|x86
		{AFD48591-D66C-47F3-86E7-ACE5AD3D4FE4}.Debug|Any CPU.ActiveCfg = Debug|x86
		{AFD48591-D66C-47F3-86E7-ACE5AD3D4FE4}.Debug|Mixed Platforms.ActiveCfg = Debug|x86
		{AFD48591-D66C-47F3-86E7-ACE5AD3D4FE4}.Debug|Mixed Platforms.Build.0 = Debug|x86
		{AFD48591-D66C-47F3-86E7-ACE5AD3D4FE4}.Debug|x86.ActiveCfg = Debug|x86
		{AFD48591-D66C-47F3-86E7-ACE5AD3D4FE4}.Debug|x86.Build.0 = Debug|x86
		{AFD48591-D66C-47F3-86E7-ACE5AD3D4FE4}.Release|Any CPU.ActiveCfg = Release|x86
		{AFD48591-D66C-47F3-86E7-ACE5AD3D4FE4}.Release|Mixed Platforms.ActiveCfg = Release|x86
		{AFD48591-D66C-47F3-86E7-ACE5AD3D4FE4}.Release|Mixed Platforms.Build.0 = Release|x86
		{AFD48591-D66C-47F3-86E7-ACE5AD3D4FE4}.Release|x86.ActiveCfg = Release|x86
		{AFD48591-D66C-47F3-86E7-ACE5AD3D4FE4}.Release|x86.Build.0 = Release|x86
		{13A5B497-BA12-45AE-9033-22620C3153FB}.Debug|Any CPU.ActiveCfg = Debug|Any CPU
		{13A5B497-BA12-45AE-9033-22620C3153FB}.Debug|Any CPU.Build.0 = Debug|Any CPU
		{13A5B497-BA12-45AE-9033-22620C3153FB}.Debug|Mixed Platforms.ActiveCfg = Debug|x86
		{13A5B497-BA12-45AE-9033-22620C3153FB}.Debug|Mixed Platforms.Build.0 = Debug|x86
		{13A5B497-BA12-45AE-9033-22620C3153FB}.Debug|x86.ActiveCfg = Debug|x86
		{13A5B497-BA12-45AE-9033-22620C3153FB}.Debug|x86.Build.0 = Debug|x86
		{13A5B497-BA12-45AE-9033-22620C3153FB}.Release|Any CPU.ActiveCfg = Release|Any CPU
		{13A5B497-BA12-45AE-9033-22620C3153FB}.Release|Any CPU.Build.0 = Release|Any CPU
		{13A5B497-BA12-45AE-9033-22620C3153FB}.Release|Mixed Platforms.ActiveCfg = Release|x86
		{13A5B497-BA12-45AE-9033-22620C3153FB}.Release|Mixed Platforms.Build.0 = Release|x86
		{13A5B497-BA12-45AE-9033-22620C3153FB}.Release|x86.ActiveCfg = Release|x86
		{13A5B497-BA12-45AE-9033-22620C3153FB}.Release|x86.Build.0 = Release|x86
		{6C55B776-26D4-4DB3-A6AB-87E783B2F3D1}.Debug|Any CPU.ActiveCfg = Debug|Any CPU
		{6C55B776-26D4-4DB3-A6AB-87E783B2F3D1}.Debug|Any CPU.Build.0 = Debug|Any CPU
		{6C55B776-26D4-4DB3-A6AB-87E783B2F3D1}.Debug|Mixed Platforms.ActiveCfg = Debug|Any CPU
		{6C55B776-26D4-4DB3-A6AB-87E783B2F3D1}.Debug|Mixed Platforms.Build.0 = Debug|Any CPU
		{6C55B776-26D4-4DB3-A6AB-87E783B2F3D1}.Debug|x86.ActiveCfg = Debug|Any CPU
		{6C55B776-26D4-4DB3-A6AB-87E783B2F3D1}.Release|Any CPU.ActiveCfg = Release|Any CPU
		{6C55B776-26D4-4DB3-A6AB-87E783B2F3D1}.Release|Any CPU.Build.0 = Release|Any CPU
		{6C55B776-26D4-4DB3-A6AB-87E783B2F3D1}.Release|Mixed Platforms.ActiveCfg = Release|Any CPU
		{6C55B776-26D4-4DB3-A6AB-87E783B2F3D1}.Release|Mixed Platforms.Build.0 = Release|Any CPU
		{6C55B776-26D4-4DB3-A6AB-87E783B2F3D1}.Release|x86.ActiveCfg = Release|Any CPU
		{6222A3A1-83CE-47A3-A4E4-A018F82D44D8}.Debug|Any CPU.ActiveCfg = Debug|Any CPU
		{6222A3A1-83CE-47A3-A4E4-A018F82D44D8}.Debug|Any CPU.Build.0 = Debug|Any CPU
		{6222A3A1-83CE-47A3-A4E4-A018F82D44D8}.Debug|Mixed Platforms.ActiveCfg = Debug|Any CPU
		{6222A3A1-83CE-47A3-A4E4-A018F82D44D8}.Debug|Mixed Platforms.Build.0 = Debug|Any CPU
		{6222A3A1-83CE-47A3-A4E4-A018F82D44D8}.Debug|x86.ActiveCfg = Debug|Any CPU
		{6222A3A1-83CE-47A3-A4E4-A018F82D44D8}.Release|Any CPU.ActiveCfg = Release|Any CPU
		{6222A3A1-83CE-47A3-A4E4-A018F82D44D8}.Release|Any CPU.Build.0 = Release|Any CPU
		{6222A3A1-83CE-47A3-A4E4-A018F82D44D8}.Release|Mixed Platforms.ActiveCfg = Release|Any CPU
		{6222A3A1-83CE-47A3-A4E4-A018F82D44D8}.Release|Mixed Platforms.Build.0 = Release|Any CPU
		{6222A3A1-83CE-47A3-A4E4-A018F82D44D8}.Release|x86.ActiveCfg = Release|Any CPU
	EndGlobalSection
	GlobalSection(SolutionProperties) = preSolution
		HideSolutionNode = FALSE
	EndGlobalSection
	GlobalSection(NestedProjects) = preSolution
		{BC9E3F20-F3B9-437A-8F2F-AE6A016E6ABE} = {6FE80E41-DCB3-421F-A387-2CCED76CE7CF}
		{BADAE123-D68D-4A10-BE8F-7B3CB8F0F632} = {934A7BFC-0CC1-4B62-BB09-995DD2D52F4A}
		{F6D32538-34F1-4ACF-87B4-10DDF9FDFDBC} = {934A7BFC-0CC1-4B62-BB09-995DD2D52F4A}
		{B3FC3E21-5F2D-4581-AEA2-59F671CFFC21} = {BADAE123-D68D-4A10-BE8F-7B3CB8F0F632}
		{89286EB4-B4A1-418C-839A-067B00F442D8} = {BADAE123-D68D-4A10-BE8F-7B3CB8F0F632}
		{488DD8F7-9D3C-4F53-BD1F-84A095D9BC10} = {BADAE123-D68D-4A10-BE8F-7B3CB8F0F632}
		{BA72CCE0-A9FB-4995-B496-7FEC5C87B85B} = {BADAE123-D68D-4A10-BE8F-7B3CB8F0F632}
		{DB81988F-E0F2-45A0-A1FD-8C37F3D35244} = {BADAE123-D68D-4A10-BE8F-7B3CB8F0F632}
		{AB95D11D-7239-4F3D-88FB-278B7C8EB6DF} = {BADAE123-D68D-4A10-BE8F-7B3CB8F0F632}
		{339BC0D5-2A54-40ED-9850-7ED65182E6E1} = {BADAE123-D68D-4A10-BE8F-7B3CB8F0F632}
		{AFD48591-D66C-47F3-86E7-ACE5AD3D4FE4} = {BADAE123-D68D-4A10-BE8F-7B3CB8F0F632}
		{13A5B497-BA12-45AE-9033-22620C3153FB} = {F6D32538-34F1-4ACF-87B4-10DDF9FDFDBC}
		{6C55B776-26D4-4DB3-A6AB-87E783B2F3D1} = {F6D32538-34F1-4ACF-87B4-10DDF9FDFDBC}
		{6222A3A1-83CE-47A3-A4E4-A018F82D44D8} = {F6D32538-34F1-4ACF-87B4-10DDF9FDFDBC}
	EndGlobalSection
EndGlobal
