
Microsoft Visual Studio Solution File, Format Version 12.00
# Visual Studio 2013
VisualStudioVersion = 12.0.21005.1
MinimumVisualStudioVersion = 10.0.40219.1
Project("{FAE04EC0-301F-11D3-BF4B-00C04F79EFBC}") = "TestSQLParse", "TestSQLParse\TestSQLParse.csproj", "{5BC2EDC3-3C7A-440D-9479-51E251C3E505}"
EndProject
Project("{FAE04EC0-301F-11D3-BF4B-00C04F79EFBC}") = "TEST_XML_TREE", "TEST_XML_TREE\TEST_XML_TREE.csproj", "{2E2A4D97-B665-4972-A09E-A920803B7193}"
EndProject
Project("{FAE04EC0-301F-11D3-BF4B-00C04F79EFBC}") = "TSQLParser", "SQLParser\TSQLParser.csproj", "{0D2491D2-ADE3-45FB-8EDD-8E0DCAA4D08E}"
EndProject
Global
	GlobalSection(SolutionConfigurationPlatforms) = preSolution
		Debug|Any CPU = Debug|Any CPU
		Release|Any CPU = Release|Any CPU
	EndGlobalSection
	GlobalSection(ProjectConfigurationPlatforms) = postSolution
		{5BC2EDC3-3C7A-440D-9479-51E251C3E505}.Debug|Any CPU.ActiveCfg = Debug|Any CPU
		{5BC2EDC3-3C7A-440D-9479-51E251C3E505}.Debug|Any CPU.Build.0 = Debug|Any CPU
		{5BC2EDC3-3C7A-440D-9479-51E251C3E505}.Release|Any CPU.ActiveCfg = Release|Any CPU
		{5BC2EDC3-3C7A-440D-9479-51E251C3E505}.Release|Any CPU.Build.0 = Release|Any CPU
		{2E2A4D97-B665-4972-A09E-A920803B7193}.Debug|Any CPU.ActiveCfg = Debug|Any CPU
		{2E2A4D97-B665-4972-A09E-A920803B7193}.Debug|Any CPU.Build.0 = Debug|Any CPU
		{2E2A4D97-B665-4972-A09E-A920803B7193}.Release|Any CPU.ActiveCfg = Release|Any CPU
		{2E2A4D97-B665-4972-A09E-A920803B7193}.Release|Any CPU.Build.0 = Release|Any CPU
		{0D2491D2-ADE3-45FB-8EDD-8E0DCAA4D08E}.Debug|Any CPU.ActiveCfg = Debug|Any CPU
		{0D2491D2-ADE3-45FB-8EDD-8E0DCAA4D08E}.Debug|Any CPU.Build.0 = Debug|Any CPU
		{0D2491D2-ADE3-45FB-8EDD-8E0DCAA4D08E}.Release|Any CPU.ActiveCfg = Release|Any CPU
		{0D2491D2-ADE3-45FB-8EDD-8E0DCAA4D08E}.Release|Any CPU.Build.0 = Release|Any CPU
	EndGlobalSection
	GlobalSection(SolutionProperties) = preSolution
		HideSolutionNode = FALSE
	EndGlobalSection
EndGlobal
