
Microsoft Visual Studio Solution File, Format Version 12.00
# Visual Studio 2013
VisualStudioVersion = 12.0.21005.1
MinimumVisualStudioVersion = 10.0.40219.1
Project("{FAE04EC0-301F-11D3-BF4B-00C04F79EFBC}") = "TestSQLParse", "TestSQLParse\TestSQLParse.csproj", "{5BC2EDC3-3C7A-440D-9479-51E251C3E505}"
EndProject
Project("{FAE04EC0-301F-11D3-BF4B-00C04F79EFBC}") = "TEST_XML_TREE", "TEST_XML_TREE\TEST_XML_TREE.csproj", "{2E2A4D97-B665-4972-A09E-A920803B7193}"
EndProject
Project("{FAE04EC0-301F-11D3-BF4B-00C04F79EFBC}") = "TSQLParser", "SQLParser\TSQLParser.csproj", "{0D2491D2-ADE3-45FB-8EDD-8E0DCAA4D08E}"
EndProject
Project("{FAE04EC0-301F-11D3-BF4B-00C04F79EFBC}") = "MVVMCore", "..\VideoCapcher\MVVMCore\MVVMCore.csproj", "{EC0D0FD0-A7CB-403A-9855-187AD3719B37}"
EndProject
Project("{2150E333-8FDC-42A3-9474-1A3956D46DE8}") = "Folder", "Folder", "{74E99A00-827B-4BB5-B5B7-8007E5743703}"
EndProject
Global
	GlobalSection(SolutionConfigurationPlatforms) = preSolution
		Debug|Any CPU = Debug|Any CPU
		Debug|Mixed Platforms = Debug|Mixed Platforms
		Debug|x86 = Debug|x86
		Release|Any CPU = Release|Any CPU
		Release|Mixed Platforms = Release|Mixed Platforms
		Release|x86 = Release|x86
	EndGlobalSection
	GlobalSection(ProjectConfigurationPlatforms) = postSolution
		{5BC2EDC3-3C7A-440D-9479-51E251C3E505}.Debug|Any CPU.ActiveCfg = Debug|Any CPU
		{5BC2EDC3-3C7A-440D-9479-51E251C3E505}.Debug|Any CPU.Build.0 = Debug|Any CPU
		{5BC2EDC3-3C7A-440D-9479-51E251C3E505}.Debug|Mixed Platforms.ActiveCfg = Debug|Any CPU
		{5BC2EDC3-3C7A-440D-9479-51E251C3E505}.Debug|Mixed Platforms.Build.0 = Debug|Any CPU
		{5BC2EDC3-3C7A-440D-9479-51E251C3E505}.Debug|x86.ActiveCfg = Debug|Any CPU
		{5BC2EDC3-3C7A-440D-9479-51E251C3E505}.Release|Any CPU.ActiveCfg = Release|Any CPU
		{5BC2EDC3-3C7A-440D-9479-51E251C3E505}.Release|Any CPU.Build.0 = Release|Any CPU
		{5BC2EDC3-3C7A-440D-9479-51E251C3E505}.Release|Mixed Platforms.ActiveCfg = Release|Any CPU
		{5BC2EDC3-3C7A-440D-9479-51E251C3E505}.Release|Mixed Platforms.Build.0 = Release|Any CPU
		{5BC2EDC3-3C7A-440D-9479-51E251C3E505}.Release|x86.ActiveCfg = Release|Any CPU
		{2E2A4D97-B665-4972-A09E-A920803B7193}.Debug|Any CPU.ActiveCfg = Debug|Any CPU
		{2E2A4D97-B665-4972-A09E-A920803B7193}.Debug|Any CPU.Build.0 = Debug|Any CPU
		{2E2A4D97-B665-4972-A09E-A920803B7193}.Debug|Mixed Platforms.ActiveCfg = Debug|Any CPU
		{2E2A4D97-B665-4972-A09E-A920803B7193}.Debug|Mixed Platforms.Build.0 = Debug|Any CPU
		{2E2A4D97-B665-4972-A09E-A920803B7193}.Debug|x86.ActiveCfg = Debug|Any CPU
		{2E2A4D97-B665-4972-A09E-A920803B7193}.Release|Any CPU.ActiveCfg = Release|Any CPU
		{2E2A4D97-B665-4972-A09E-A920803B7193}.Release|Any CPU.Build.0 = Release|Any CPU
		{2E2A4D97-B665-4972-A09E-A920803B7193}.Release|Mixed Platforms.ActiveCfg = Release|Any CPU
		{2E2A4D97-B665-4972-A09E-A920803B7193}.Release|Mixed Platforms.Build.0 = Release|Any CPU
		{2E2A4D97-B665-4972-A09E-A920803B7193}.Release|x86.ActiveCfg = Release|Any CPU
		{0D2491D2-ADE3-45FB-8EDD-8E0DCAA4D08E}.Debug|Any CPU.ActiveCfg = Debug|Any CPU
		{0D2491D2-ADE3-45FB-8EDD-8E0DCAA4D08E}.Debug|Any CPU.Build.0 = Debug|Any CPU
		{0D2491D2-ADE3-45FB-8EDD-8E0DCAA4D08E}.Debug|Mixed Platforms.ActiveCfg = Debug|Any CPU
		{0D2491D2-ADE3-45FB-8EDD-8E0DCAA4D08E}.Debug|Mixed Platforms.Build.0 = Debug|Any CPU
		{0D2491D2-ADE3-45FB-8EDD-8E0DCAA4D08E}.Debug|x86.ActiveCfg = Debug|Any CPU
		{0D2491D2-ADE3-45FB-8EDD-8E0DCAA4D08E}.Release|Any CPU.ActiveCfg = Release|Any CPU
		{0D2491D2-ADE3-45FB-8EDD-8E0DCAA4D08E}.Release|Any CPU.Build.0 = Release|Any CPU
		{0D2491D2-ADE3-45FB-8EDD-8E0DCAA4D08E}.Release|Mixed Platforms.ActiveCfg = Release|Any CPU
		{0D2491D2-ADE3-45FB-8EDD-8E0DCAA4D08E}.Release|Mixed Platforms.Build.0 = Release|Any CPU
		{0D2491D2-ADE3-45FB-8EDD-8E0DCAA4D08E}.Release|x86.ActiveCfg = Release|Any CPU
		{EC0D0FD0-A7CB-403A-9855-187AD3719B37}.Debug|Any CPU.ActiveCfg = Debug|x86
		{EC0D0FD0-A7CB-403A-9855-187AD3719B37}.Debug|Mixed Platforms.ActiveCfg = Debug|x86
		{EC0D0FD0-A7CB-403A-9855-187AD3719B37}.Debug|Mixed Platforms.Build.0 = Debug|x86
		{EC0D0FD0-A7CB-403A-9855-187AD3719B37}.Debug|x86.ActiveCfg = Debug|x86
		{EC0D0FD0-A7CB-403A-9855-187AD3719B37}.Debug|x86.Build.0 = Debug|x86
		{EC0D0FD0-A7CB-403A-9855-187AD3719B37}.Release|Any CPU.ActiveCfg = Release|x86
		{EC0D0FD0-A7CB-403A-9855-187AD3719B37}.Release|Mixed Platforms.ActiveCfg = Release|x86
		{EC0D0FD0-A7CB-403A-9855-187AD3719B37}.Release|Mixed Platforms.Build.0 = Release|x86
		{EC0D0FD0-A7CB-403A-9855-187AD3719B37}.Release|x86.ActiveCfg = Release|x86
		{EC0D0FD0-A7CB-403A-9855-187AD3719B37}.Release|x86.Build.0 = Release|x86
	EndGlobalSection
	GlobalSection(SolutionProperties) = preSolution
		HideSolutionNode = FALSE
	EndGlobalSection
EndGlobal
